
Microsoft Visual Studio Solution File, Format Version 12.00
# Visual Studio 15
VisualStudioVersion = 15.0.27428.2015
MinimumVisualStudioVersion = 10.0.40219.1
Project("{FAE04EC0-301F-11D3-BF4B-00C04F79EFBC}") = "HelloWorld.Android", "HelloWorld\HelloWorld.Android\HelloWorld.Android.csproj", "{C2BB8C10-D7F6-431D-A928-F6B7007EDEAF}"
EndProject
Project("{FAE04EC0-301F-11D3-BF4B-00C04F79EFBC}") = "HelloWorld.iOS", "HelloWorld\HelloWorld.iOS\HelloWorld.iOS.csproj", "{B23908C0-0829-478F-8353-0A873E377C9C}"
EndProject
Project("{FAE04EC0-301F-11D3-BF4B-00C04F79EFBC}") = "HelloWorld.UWP", "HelloWorld\HelloWorld.UWP\HelloWorld.UWP.csproj", "{E590513F-D92A-4C51-A7F1-0ED779CCA641}"
EndProject
Project("{D954291E-2A0B-460D-934E-DC6B0785DB48}") = "HelloWorld", "HelloWorld\HelloWorld\HelloWorld.shproj", "{2BCBDA6E-57C0-4EF8-BB40-754FF1F2DB67}"
EndProject
Global
	GlobalSection(SharedMSBuildProjectFiles) = preSolution
		HelloWorld\HelloWorld\HelloWorld.projitems*{2bcbda6e-57c0-4ef8-bb40-754ff1f2db67}*SharedItemsImports = 13
		HelloWorld\HelloWorld\HelloWorld.projitems*{b23908c0-0829-478f-8353-0a873e377c9c}*SharedItemsImports = 4
		HelloWorld\HelloWorld\HelloWorld.projitems*{c2bb8c10-d7f6-431d-a928-f6b7007edeaf}*SharedItemsImports = 4
		HelloWorld\HelloWorld\HelloWorld.projitems*{e590513f-d92a-4c51-a7f1-0ed779cca641}*SharedItemsImports = 4
	EndGlobalSection
	GlobalSection(SolutionConfigurationPlatforms) = preSolution
		Ad-Hoc|Any CPU = Ad-Hoc|Any CPU
		Ad-Hoc|ARM = Ad-Hoc|ARM
		Ad-Hoc|iPhone = Ad-Hoc|iPhone
		Ad-Hoc|iPhoneSimulator = Ad-Hoc|iPhoneSimulator
		Ad-Hoc|x64 = Ad-Hoc|x64
		Ad-Hoc|x86 = Ad-Hoc|x86
		AppStore|Any CPU = AppStore|Any CPU
		AppStore|ARM = AppStore|ARM
		AppStore|iPhone = AppStore|iPhone
		AppStore|iPhoneSimulator = AppStore|iPhoneSimulator
		AppStore|x64 = AppStore|x64
		AppStore|x86 = AppStore|x86
		Debug|Any CPU = Debug|Any CPU
		Debug|ARM = Debug|ARM
		Debug|iPhone = Debug|iPhone
		Debug|iPhoneSimulator = Debug|iPhoneSimulator
		Debug|x64 = Debug|x64
		Debug|x86 = Debug|x86
		Release|Any CPU = Release|Any CPU
		Release|ARM = Release|ARM
		Release|iPhone = Release|iPhone
		Release|iPhoneSimulator = Release|iPhoneSimulator
		Release|x64 = Release|x64
		Release|x86 = Release|x86
	EndGlobalSection
	GlobalSection(ProjectConfigurationPlatforms) = postSolution
		{C2BB8C10-D7F6-431D-A928-F6B7007EDEAF}.Ad-Hoc|Any CPU.ActiveCfg = Release|Any CPU
		{C2BB8C10-D7F6-431D-A928-F6B7007EDEAF}.Ad-Hoc|Any CPU.Build.0 = Release|Any CPU
		{C2BB8C10-D7F6-431D-A928-F6B7007EDEAF}.Ad-Hoc|Any CPU.Deploy.0 = Release|Any CPU
		{C2BB8C10-D7F6-431D-A928-F6B7007EDEAF}.Ad-Hoc|ARM.ActiveCfg = Release|Any CPU
		{C2BB8C10-D7F6-431D-A928-F6B7007EDEAF}.Ad-Hoc|ARM.Build.0 = Release|Any CPU
		{C2BB8C10-D7F6-431D-A928-F6B7007EDEAF}.Ad-Hoc|ARM.Deploy.0 = Release|Any CPU
		{C2BB8C10-D7F6-431D-A928-F6B7007EDEAF}.Ad-Hoc|iPhone.ActiveCfg = Release|Any CPU
		{C2BB8C10-D7F6-431D-A928-F6B7007EDEAF}.Ad-Hoc|iPhone.Build.0 = Release|Any CPU
		{C2BB8C10-D7F6-431D-A928-F6B7007EDEAF}.Ad-Hoc|iPhone.Deploy.0 = Release|Any CPU
		{C2BB8C10-D7F6-431D-A928-F6B7007EDEAF}.Ad-Hoc|iPhoneSimulator.ActiveCfg = Release|Any CPU
		{C2BB8C10-D7F6-431D-A928-F6B7007EDEAF}.Ad-Hoc|iPhoneSimulator.Build.0 = Release|Any CPU
		{C2BB8C10-D7F6-431D-A928-F6B7007EDEAF}.Ad-Hoc|iPhoneSimulator.Deploy.0 = Release|Any CPU
		{C2BB8C10-D7F6-431D-A928-F6B7007EDEAF}.Ad-Hoc|x64.ActiveCfg = Release|Any CPU
		{C2BB8C10-D7F6-431D-A928-F6B7007EDEAF}.Ad-Hoc|x64.Build.0 = Release|Any CPU
		{C2BB8C10-D7F6-431D-A928-F6B7007EDEAF}.Ad-Hoc|x64.Deploy.0 = Release|Any CPU
		{C2BB8C10-D7F6-431D-A928-F6B7007EDEAF}.Ad-Hoc|x86.ActiveCfg = Release|Any CPU
		{C2BB8C10-D7F6-431D-A928-F6B7007EDEAF}.Ad-Hoc|x86.Build.0 = Release|Any CPU
		{C2BB8C10-D7F6-431D-A928-F6B7007EDEAF}.Ad-Hoc|x86.Deploy.0 = Release|Any CPU
		{C2BB8C10-D7F6-431D-A928-F6B7007EDEAF}.AppStore|Any CPU.ActiveCfg = Release|Any CPU
		{C2BB8C10-D7F6-431D-A928-F6B7007EDEAF}.AppStore|Any CPU.Build.0 = Release|Any CPU
		{C2BB8C10-D7F6-431D-A928-F6B7007EDEAF}.AppStore|Any CPU.Deploy.0 = Release|Any CPU
		{C2BB8C10-D7F6-431D-A928-F6B7007EDEAF}.AppStore|ARM.ActiveCfg = Release|Any CPU
		{C2BB8C10-D7F6-431D-A928-F6B7007EDEAF}.AppStore|ARM.Build.0 = Release|Any CPU
		{C2BB8C10-D7F6-431D-A928-F6B7007EDEAF}.AppStore|ARM.Deploy.0 = Release|Any CPU
		{C2BB8C10-D7F6-431D-A928-F6B7007EDEAF}.AppStore|iPhone.ActiveCfg = Release|Any CPU
		{C2BB8C10-D7F6-431D-A928-F6B7007EDEAF}.AppStore|iPhone.Build.0 = Release|Any CPU
		{C2BB8C10-D7F6-431D-A928-F6B7007EDEAF}.AppStore|iPhone.Deploy.0 = Release|Any CPU
		{C2BB8C10-D7F6-431D-A928-F6B7007EDEAF}.AppStore|iPhoneSimulator.ActiveCfg = Release|Any CPU
		{C2BB8C10-D7F6-431D-A928-F6B7007EDEAF}.AppStore|iPhoneSimulator.Build.0 = Release|Any CPU
		{C2BB8C10-D7F6-431D-A928-F6B7007EDEAF}.AppStore|iPhoneSimulator.Deploy.0 = Release|Any CPU
		{C2BB8C10-D7F6-431D-A928-F6B7007EDEAF}.AppStore|x64.ActiveCfg = Release|Any CPU
		{C2BB8C10-D7F6-431D-A928-F6B7007EDEAF}.AppStore|x64.Build.0 = Release|Any CPU
		{C2BB8C10-D7F6-431D-A928-F6B7007EDEAF}.AppStore|x64.Deploy.0 = Release|Any CPU
		{C2BB8C10-D7F6-431D-A928-F6B7007EDEAF}.AppStore|x86.ActiveCfg = Release|Any CPU
		{C2BB8C10-D7F6-431D-A928-F6B7007EDEAF}.AppStore|x86.Build.0 = Release|Any CPU
		{C2BB8C10-D7F6-431D-A928-F6B7007EDEAF}.AppStore|x86.Deploy.0 = Release|Any CPU
		{C2BB8C10-D7F6-431D-A928-F6B7007EDEAF}.Debug|Any CPU.ActiveCfg = Debug|Any CPU
		{C2BB8C10-D7F6-431D-A928-F6B7007EDEAF}.Debug|Any CPU.Build.0 = Debug|Any CPU
		{C2BB8C10-D7F6-431D-A928-F6B7007EDEAF}.Debug|Any CPU.Deploy.0 = Debug|Any CPU
		{C2BB8C10-D7F6-431D-A928-F6B7007EDEAF}.Debug|ARM.ActiveCfg = Debug|Any CPU
		{C2BB8C10-D7F6-431D-A928-F6B7007EDEAF}.Debug|ARM.Build.0 = Debug|Any CPU
		{C2BB8C10-D7F6-431D-A928-F6B7007EDEAF}.Debug|ARM.Deploy.0 = Debug|Any CPU
		{C2BB8C10-D7F6-431D-A928-F6B7007EDEAF}.Debug|iPhone.ActiveCfg = Debug|Any CPU
		{C2BB8C10-D7F6-431D-A928-F6B7007EDEAF}.Debug|iPhone.Build.0 = Debug|Any CPU
		{C2BB8C10-D7F6-431D-A928-F6B7007EDEAF}.Debug|iPhone.Deploy.0 = Debug|Any CPU
		{C2BB8C10-D7F6-431D-A928-F6B7007EDEAF}.Debug|iPhoneSimulator.ActiveCfg = Debug|Any CPU
		{C2BB8C10-D7F6-431D-A928-F6B7007EDEAF}.Debug|iPhoneSimulator.Build.0 = Debug|Any CPU
		{C2BB8C10-D7F6-431D-A928-F6B7007EDEAF}.Debug|iPhoneSimulator.Deploy.0 = Debug|Any CPU
		{C2BB8C10-D7F6-431D-A928-F6B7007EDEAF}.Debug|x64.ActiveCfg = Debug|Any CPU
		{C2BB8C10-D7F6-431D-A928-F6B7007EDEAF}.Debug|x64.Build.0 = Debug|Any CPU
		{C2BB8C10-D7F6-431D-A928-F6B7007EDEAF}.Debug|x64.Deploy.0 = Debug|Any CPU
		{C2BB8C10-D7F6-431D-A928-F6B7007EDEAF}.Debug|x86.ActiveCfg = Debug|Any CPU
		{C2BB8C10-D7F6-431D-A928-F6B7007EDEAF}.Debug|x86.Build.0 = Debug|Any CPU
		{C2BB8C10-D7F6-431D-A928-F6B7007EDEAF}.Debug|x86.Deploy.0 = Debug|Any CPU
		{C2BB8C10-D7F6-431D-A928-F6B7007EDEAF}.Release|Any CPU.ActiveCfg = Release|Any CPU
		{C2BB8C10-D7F6-431D-A928-F6B7007EDEAF}.Release|Any CPU.Build.0 = Release|Any CPU
		{C2BB8C10-D7F6-431D-A928-F6B7007EDEAF}.Release|Any CPU.Deploy.0 = Release|Any CPU
		{C2BB8C10-D7F6-431D-A928-F6B7007EDEAF}.Release|ARM.ActiveCfg = Release|Any CPU
		{C2BB8C10-D7F6-431D-A928-F6B7007EDEAF}.Release|ARM.Build.0 = Release|Any CPU
		{C2BB8C10-D7F6-431D-A928-F6B7007EDEAF}.Release|ARM.Deploy.0 = Release|Any CPU
		{C2BB8C10-D7F6-431D-A928-F6B7007EDEAF}.Release|iPhone.ActiveCfg = Release|Any CPU
		{C2BB8C10-D7F6-431D-A928-F6B7007EDEAF}.Release|iPhone.Build.0 = Release|Any CPU
		{C2BB8C10-D7F6-431D-A928-F6B7007EDEAF}.Release|iPhone.Deploy.0 = Release|Any CPU
		{C2BB8C10-D7F6-431D-A928-F6B7007EDEAF}.Release|iPhoneSimulator.ActiveCfg = Release|Any CPU
		{C2BB8C10-D7F6-431D-A928-F6B7007EDEAF}.Release|iPhoneSimulator.Build.0 = Release|Any CPU
		{C2BB8C10-D7F6-431D-A928-F6B7007EDEAF}.Release|iPhoneSimulator.Deploy.0 = Release|Any CPU
		{C2BB8C10-D7F6-431D-A928-F6B7007EDEAF}.Release|x64.ActiveCfg = Release|Any CPU
		{C2BB8C10-D7F6-431D-A928-F6B7007EDEAF}.Release|x64.Build.0 = Release|Any CPU
		{C2BB8C10-D7F6-431D-A928-F6B7007EDEAF}.Release|x64.Deploy.0 = Release|Any CPU
		{C2BB8C10-D7F6-431D-A928-F6B7007EDEAF}.Release|x86.ActiveCfg = Release|Any CPU
		{C2BB8C10-D7F6-431D-A928-F6B7007EDEAF}.Release|x86.Build.0 = Release|Any CPU
		{C2BB8C10-D7F6-431D-A928-F6B7007EDEAF}.Release|x86.Deploy.0 = Release|Any CPU
		{B23908C0-0829-478F-8353-0A873E377C9C}.Ad-Hoc|Any CPU.ActiveCfg = Ad-Hoc|iPhone
		{B23908C0-0829-478F-8353-0A873E377C9C}.Ad-Hoc|ARM.ActiveCfg = Ad-Hoc|iPhone
		{B23908C0-0829-478F-8353-0A873E377C9C}.Ad-Hoc|iPhone.ActiveCfg = Ad-Hoc|iPhone
		{B23908C0-0829-478F-8353-0A873E377C9C}.Ad-Hoc|iPhone.Build.0 = Ad-Hoc|iPhone
		{B23908C0-0829-478F-8353-0A873E377C9C}.Ad-Hoc|iPhoneSimulator.ActiveCfg = Ad-Hoc|iPhoneSimulator
		{B23908C0-0829-478F-8353-0A873E377C9C}.Ad-Hoc|iPhoneSimulator.Build.0 = Ad-Hoc|iPhoneSimulator
		{B23908C0-0829-478F-8353-0A873E377C9C}.Ad-Hoc|x64.ActiveCfg = Ad-Hoc|iPhone
		{B23908C0-0829-478F-8353-0A873E377C9C}.Ad-Hoc|x86.ActiveCfg = Ad-Hoc|iPhone
		{B23908C0-0829-478F-8353-0A873E377C9C}.AppStore|Any CPU.ActiveCfg = AppStore|iPhone
		{B23908C0-0829-478F-8353-0A873E377C9C}.AppStore|ARM.ActiveCfg = AppStore|iPhone
		{B23908C0-0829-478F-8353-0A873E377C9C}.AppStore|iPhone.ActiveCfg = AppStore|iPhone
		{B23908C0-0829-478F-8353-0A873E377C9C}.AppStore|iPhone.Build.0 = AppStore|iPhone
		{B23908C0-0829-478F-8353-0A873E377C9C}.AppStore|iPhoneSimulator.ActiveCfg = AppStore|iPhoneSimulator
		{B23908C0-0829-478F-8353-0A873E377C9C}.AppStore|iPhoneSimulator.Build.0 = AppStore|iPhoneSimulator
		{B23908C0-0829-478F-8353-0A873E377C9C}.AppStore|x64.ActiveCfg = AppStore|iPhone
		{B23908C0-0829-478F-8353-0A873E377C9C}.AppStore|x86.ActiveCfg = AppStore|iPhone
		{B23908C0-0829-478F-8353-0A873E377C9C}.Debug|Any CPU.ActiveCfg = Debug|iPhone
		{B23908C0-0829-478F-8353-0A873E377C9C}.Debug|ARM.ActiveCfg = Debug|iPhone
		{B23908C0-0829-478F-8353-0A873E377C9C}.Debug|iPhone.ActiveCfg = Debug|iPhone
		{B23908C0-0829-478F-8353-0A873E377C9C}.Debug|iPhone.Build.0 = Debug|iPhone
		{B23908C0-0829-478F-8353-0A873E377C9C}.Debug|iPhoneSimulator.ActiveCfg = Debug|iPhoneSimulator
		{B23908C0-0829-478F-8353-0A873E377C9C}.Debug|iPhoneSimulator.Build.0 = Debug|iPhoneSimulator
		{B23908C0-0829-478F-8353-0A873E377C9C}.Debug|x64.ActiveCfg = Debug|iPhone
		{B23908C0-0829-478F-8353-0A873E377C9C}.Debug|x86.ActiveCfg = Debug|iPhone
		{B23908C0-0829-478F-8353-0A873E377C9C}.Release|Any CPU.ActiveCfg = Release|iPhone
		{B23908C0-0829-478F-8353-0A873E377C9C}.Release|ARM.ActiveCfg = Release|iPhone
		{B23908C0-0829-478F-8353-0A873E377C9C}.Release|iPhone.ActiveCfg = Release|iPhone
		{B23908C0-0829-478F-8353-0A873E377C9C}.Release|iPhone.Build.0 = Release|iPhone
		{B23908C0-0829-478F-8353-0A873E377C9C}.Release|iPhoneSimulator.ActiveCfg = Release|iPhoneSimulator
		{B23908C0-0829-478F-8353-0A873E377C9C}.Release|iPhoneSimulator.Build.0 = Release|iPhoneSimulator
		{B23908C0-0829-478F-8353-0A873E377C9C}.Release|x64.ActiveCfg = Release|iPhone
		{B23908C0-0829-478F-8353-0A873E377C9C}.Release|x86.ActiveCfg = Release|iPhone
		{E590513F-D92A-4C51-A7F1-0ED779CCA641}.Ad-Hoc|Any CPU.ActiveCfg = Release|x86
		{E590513F-D92A-4C51-A7F1-0ED779CCA641}.Ad-Hoc|Any CPU.Build.0 = Release|x86
		{E590513F-D92A-4C51-A7F1-0ED779CCA641}.Ad-Hoc|Any CPU.Deploy.0 = Release|x86
		{E590513F-D92A-4C51-A7F1-0ED779CCA641}.Ad-Hoc|ARM.ActiveCfg = Release|ARM
		{E590513F-D92A-4C51-A7F1-0ED779CCA641}.Ad-Hoc|ARM.Build.0 = Release|ARM
		{E590513F-D92A-4C51-A7F1-0ED779CCA641}.Ad-Hoc|ARM.Deploy.0 = Release|ARM
		{E590513F-D92A-4C51-A7F1-0ED779CCA641}.Ad-Hoc|iPhone.ActiveCfg = Release|x86
		{E590513F-D92A-4C51-A7F1-0ED779CCA641}.Ad-Hoc|iPhone.Build.0 = Release|x86
		{E590513F-D92A-4C51-A7F1-0ED779CCA641}.Ad-Hoc|iPhone.Deploy.0 = Release|x86
		{E590513F-D92A-4C51-A7F1-0ED779CCA641}.Ad-Hoc|iPhoneSimulator.ActiveCfg = Release|x86
		{E590513F-D92A-4C51-A7F1-0ED779CCA641}.Ad-Hoc|iPhoneSimulator.Build.0 = Release|x86
		{E590513F-D92A-4C51-A7F1-0ED779CCA641}.Ad-Hoc|iPhoneSimulator.Deploy.0 = Release|x86
		{E590513F-D92A-4C51-A7F1-0ED779CCA641}.Ad-Hoc|x64.ActiveCfg = Release|x64
		{E590513F-D92A-4C51-A7F1-0ED779CCA641}.Ad-Hoc|x64.Build.0 = Release|x64
		{E590513F-D92A-4C51-A7F1-0ED779CCA641}.Ad-Hoc|x64.Deploy.0 = Release|x64
		{E590513F-D92A-4C51-A7F1-0ED779CCA641}.Ad-Hoc|x86.ActiveCfg = Release|x86
		{E590513F-D92A-4C51-A7F1-0ED779CCA641}.Ad-Hoc|x86.Build.0 = Release|x86
		{E590513F-D92A-4C51-A7F1-0ED779CCA641}.Ad-Hoc|x86.Deploy.0 = Release|x86
		{E590513F-D92A-4C51-A7F1-0ED779CCA641}.AppStore|Any CPU.ActiveCfg = Release|x86
		{E590513F-D92A-4C51-A7F1-0ED779CCA641}.AppStore|Any CPU.Build.0 = Release|x86
		{E590513F-D92A-4C51-A7F1-0ED779CCA641}.AppStore|Any CPU.Deploy.0 = Release|x86
		{E590513F-D92A-4C51-A7F1-0ED779CCA641}.AppStore|ARM.ActiveCfg = Release|ARM
		{E590513F-D92A-4C51-A7F1-0ED779CCA641}.AppStore|ARM.Build.0 = Release|ARM
		{E590513F-D92A-4C51-A7F1-0ED779CCA641}.AppStore|ARM.Deploy.0 = Release|ARM
		{E590513F-D92A-4C51-A7F1-0ED779CCA641}.AppStore|iPhone.ActiveCfg = Release|x86
		{E590513F-D92A-4C51-A7F1-0ED779CCA641}.AppStore|iPhone.Build.0 = Release|x86
		{E590513F-D92A-4C51-A7F1-0ED779CCA641}.AppStore|iPhone.Deploy.0 = Release|x86
		{E590513F-D92A-4C51-A7F1-0ED779CCA641}.AppStore|iPhoneSimulator.ActiveCfg = Release|x86
		{E590513F-D92A-4C51-A7F1-0ED779CCA641}.AppStore|iPhoneSimulator.Build.0 = Release|x86
		{E590513F-D92A-4C51-A7F1-0ED779CCA641}.AppStore|iPhoneSimulator.Deploy.0 = Release|x86
		{E590513F-D92A-4C51-A7F1-0ED779CCA641}.AppStore|x64.ActiveCfg = Release|x64
		{E590513F-D92A-4C51-A7F1-0ED779CCA641}.AppStore|x64.Build.0 = Release|x64
		{E590513F-D92A-4C51-A7F1-0ED779CCA641}.AppStore|x64.Deploy.0 = Release|x64
		{E590513F-D92A-4C51-A7F1-0ED779CCA641}.AppStore|x86.ActiveCfg = Release|x86
		{E590513F-D92A-4C51-A7F1-0ED779CCA641}.AppStore|x86.Build.0 = Release|x86
		{E590513F-D92A-4C51-A7F1-0ED779CCA641}.AppStore|x86.Deploy.0 = Release|x86
		{E590513F-D92A-4C51-A7F1-0ED779CCA641}.Debug|Any CPU.ActiveCfg = Debug|x86
		{E590513F-D92A-4C51-A7F1-0ED779CCA641}.Debug|ARM.ActiveCfg = Debug|ARM
		{E590513F-D92A-4C51-A7F1-0ED779CCA641}.Debug|ARM.Build.0 = Debug|ARM
		{E590513F-D92A-4C51-A7F1-0ED779CCA641}.Debug|ARM.Deploy.0 = Debug|ARM
		{E590513F-D92A-4C51-A7F1-0ED779CCA641}.Debug|iPhone.ActiveCfg = Debug|x86
		{E590513F-D92A-4C51-A7F1-0ED779CCA641}.Debug|iPhoneSimulator.ActiveCfg = Debug|x86
		{E590513F-D92A-4C51-A7F1-0ED779CCA641}.Debug|x64.ActiveCfg = Debug|x64
		{E590513F-D92A-4C51-A7F1-0ED779CCA641}.Debug|x64.Build.0 = Debug|x64
		{E590513F-D92A-4C51-A7F1-0ED779CCA641}.Debug|x64.Deploy.0 = Debug|x64
		{E590513F-D92A-4C51-A7F1-0ED779CCA641}.Debug|x86.ActiveCfg = Debug|x86
		{E590513F-D92A-4C51-A7F1-0ED779CCA641}.Debug|x86.Build.0 = Debug|x86
		{E590513F-D92A-4C51-A7F1-0ED779CCA641}.Debug|x86.Deploy.0 = Debug|x86
		{E590513F-D92A-4C51-A7F1-0ED779CCA641}.Release|Any CPU.ActiveCfg = Release|x86
		{E590513F-D92A-4C51-A7F1-0ED779CCA641}.Release|ARM.ActiveCfg = Release|ARM
		{E590513F-D92A-4C51-A7F1-0ED779CCA641}.Release|ARM.Build.0 = Release|ARM
		{E590513F-D92A-4C51-A7F1-0ED779CCA641}.Release|ARM.Deploy.0 = Release|ARM
		{E590513F-D92A-4C51-A7F1-0ED779CCA641}.Release|iPhone.ActiveCfg = Release|x86
		{E590513F-D92A-4C51-A7F1-0ED779CCA641}.Release|iPhoneSimulator.ActiveCfg = Release|x86
		{E590513F-D92A-4C51-A7F1-0ED779CCA641}.Release|x64.ActiveCfg = Release|x64
		{E590513F-D92A-4C51-A7F1-0ED779CCA641}.Release|x64.Build.0 = Release|x64
		{E590513F-D92A-4C51-A7F1-0ED779CCA641}.Release|x64.Deploy.0 = Release|x64
		{E590513F-D92A-4C51-A7F1-0ED779CCA641}.Release|x86.ActiveCfg = Release|x86
		{E590513F-D92A-4C51-A7F1-0ED779CCA641}.Release|x86.Build.0 = Release|x86
		{E590513F-D92A-4C51-A7F1-0ED779CCA641}.Release|x86.Deploy.0 = Release|x86
	EndGlobalSection
	GlobalSection(SolutionProperties) = preSolution
		HideSolutionNode = FALSE
	EndGlobalSection
	GlobalSection(ExtensibilityGlobals) = postSolution
		SolutionGuid = {BD6441CF-F89D-4FD0-9C6E-7203941611B5}
	EndGlobalSection
EndGlobal
